{
  "name": "TGWK18_PROJECT",
  "lockfileVersion": 2,
  "requires": true,
  "packages": {
    "": {
      "dependencies": {
        "spectre.css": "npm:null@*"
      }
    },
    "node_modules/spectre.css": {
      "name": "null",
      "version": "2.0.0",
      "resolved": "https://registry.npmmirror.com/null/download/null-2.0.0.tgz",
      "integrity": "sha1-WoDSso+ad73ZqmPB0ZWNaVsyleg="
    }
  },
  "dependencies": {
    "spectre.css": {
      "version": "npm:null@2.0.0",
      "resolved": "https://registry.npmmirror.com/null/download/null-2.0.0.tgz",
      "integrity": "sha1-WoDSso+ad73ZqmPB0ZWNaVsyleg="
    }
  }
}
